
Microsoft Visual Studio Solution File, Format Version 12.00
# Visual Studio Version 16
VisualStudioVersion = 16.0.31205.134
MinimumVisualStudioVersion = 10.0.40219.1
Project("{8BC9CEB8-8B4A-11D0-8D11-00A0C91BC942}") = "qTimeShifts", "qTimeShifts\qTimeShifts.vcxproj", "{50E7AC5C-F292-42FE-B5FD-1BAA24E0E6EF}"
EndProject
Global
	GlobalSection(SolutionConfigurationPlatforms) = preSolution
		Debug|x64 = Debug|x64
		Release|x64 = Release|x64
	EndGlobalSection
	GlobalSection(ProjectConfigurationPlatforms) = postSolution
		{50E7AC5C-F292-42FE-B5FD-1BAA24E0E6EF}.Debug|x64.ActiveCfg = Debug|x64
		{50E7AC5C-F292-42FE-B5FD-1BAA24E0E6EF}.Debug|x64.Build.0 = Debug|x64
		{50E7AC5C-F292-42FE-B5FD-1BAA24E0E6EF}.Release|x64.ActiveCfg = Release|x64
		{50E7AC5C-F292-42FE-B5FD-1BAA24E0E6EF}.Release|x64.Build.0 = Release|x64
	EndGlobalSection
	GlobalSection(SolutionProperties) = preSolution
		HideSolutionNode = FALSE
	EndGlobalSection
	GlobalSection(ExtensibilityGlobals) = postSolution
		SolutionGuid = {BEF77EBA-3D6D-4473-996A-BC79C2050F27}
	EndGlobalSection
EndGlobal
